
Microsoft Visual Studio Solution File, Format Version 12.00
# Visual Studio Version 17
VisualStudioVersion = 17.6.33829.357
MinimumVisualStudioVersion = 10.0.40219.1
Project("{2150E333-8FDC-42A3-9474-1A3956D46DE8}") = "SolutionItems", "SolutionItems", "{E26F2E8B-DA89-4778-A9BC-88795BFE28D0}"
	ProjectSection(SolutionItems) = preProject
		Capture.PNG = Capture.PNG
		src\docker-compose.override.yml = src\docker-compose.override.yml
		src\docker-compose.yml = src\docker-compose.yml
		global.json = global.json
		Readme.md = Readme.md
	EndProjectSection
EndProject
Project("{2150E333-8FDC-42A3-9474-1A3956D46DE8}") = "src", "src", "{4F7067D6-7297-4E95-89C0-03ED3988A155}"
EndProject
Project("{2150E333-8FDC-42A3-9474-1A3956D46DE8}") = "tests", "tests", "{04D7CC2D-A18D-485C-ACC1-BD17D07DE392}"
EndProject
Project("{2150E333-8FDC-42A3-9474-1A3956D46DE8}") = "ApiGateways", "ApiGateways", "{D9D65416-5AC3-4C17-9E52-007CB2B8ED46}"
EndProject
Project("{2150E333-8FDC-42A3-9474-1A3956D46DE8}") = "BuildingBlocks", "BuildingBlocks", "{9F6E7D82-3A9C-457F-9164-7DC6B18DF58A}"
EndProject
Project("{2150E333-8FDC-42A3-9474-1A3956D46DE8}") = "Services", "Services", "{1654896E-89E9-4C7C-92D4-5D16C76F7711}"
EndProject
Project("{2150E333-8FDC-42A3-9474-1A3956D46DE8}") = "WebApps", "WebApps", "{20065602-C89F-469E-886B-7E22C45E3D86}"
EndProject
Project("{FAE04EC0-301F-11D3-BF4B-00C04F79EFBC}") = "Common.Logging", "src\BuildingBlocks\Common.Logging\Common.Logging.csproj", "{CF7E67CA-B6E1-4EDD-B8D2-4510525ABF9D}"
EndProject
Project("{FAE04EC0-301F-11D3-BF4B-00C04F79EFBC}") = "EventBus.Messages", "src\BuildingBlocks\EventBus.Messages\EventBus.Messages.csproj", "{86461BBB-064A-43BB-9634-432C284054FD}"
EndProject
Project("{2150E333-8FDC-42A3-9474-1A3956D46DE8}") = "Product", "Product", "{AA1ED7C4-AF1C-4C10-A7AF-2FB942BC826A}"
EndProject
Project("{2150E333-8FDC-42A3-9474-1A3956D46DE8}") = "Customer", "Customer", "{64120AF4-C589-4A78-A3B8-B47F1B1D3049}"
EndProject
Project("{2150E333-8FDC-42A3-9474-1A3956D46DE8}") = "Basket", "Basket", "{87BDED48-0CDA-4462-907E-F9C213854907}"
EndProject
Project("{2150E333-8FDC-42A3-9474-1A3956D46DE8}") = "Inventory", "Inventory", "{C85F4DC3-FF5A-4C56-BF01-E45BB8E099B5}"
EndProject
Project("{2150E333-8FDC-42A3-9474-1A3956D46DE8}") = "Ordering", "Ordering", "{000FF8D9-A72F-4D1E-8F79-3FBED714D605}"
EndProject
Project("{2150E333-8FDC-42A3-9474-1A3956D46DE8}") = "ScheduledJob", "ScheduledJob", "{46B00BF9-CB7A-4AAB-B3B1-488BFD572726}"
EndProject
Project("{FAE04EC0-301F-11D3-BF4B-00C04F79EFBC}") = "WebHealthStatus", "src\WebApps\WebHealthStatus\WebHealthStatus.csproj", "{A9623248-E0F3-49A1-BB9D-FDA1B8180454}"
EndProject
Project("{FAE04EC0-301F-11D3-BF4B-00C04F79EFBC}") = "Basket.API", "src\Services\Basket.API\Basket.API.csproj", "{0FD978C4-A7A5-4E66-8EF4-BB9D8F2E0073}"
EndProject
Project("{FAE04EC0-301F-11D3-BF4B-00C04F79EFBC}") = "Customer.API", "src\Services\Customer.API\Customer.API.csproj", "{6D2BE03C-14FF-49AF-A5B4-74773EC79FC6}"
EndProject
Project("{FAE04EC0-301F-11D3-BF4B-00C04F79EFBC}") = "Inventory.API", "src\Services\Inventory.API\Inventory.API.csproj", "{421EDA89-A126-4129-9289-2BBAA28E850B}"
EndProject
Project("{FAE04EC0-301F-11D3-BF4B-00C04F79EFBC}") = "Odering.API", "src\Services\Odering.API\Odering.API.csproj", "{3FD17FFB-D690-44FC-AE31-C80C7742E587}"
EndProject
Project("{FAE04EC0-301F-11D3-BF4B-00C04F79EFBC}") = "Product.API", "src\Services\Product.API\Product.API.csproj", "{540B0FA3-CFE2-4809-BAE5-13FB2DC8BB2E}"
EndProject
Project("{FAE04EC0-301F-11D3-BF4B-00C04F79EFBC}") = "Hangfire.API", "src\Services\Hangfire.API\Hangfire.API.csproj", "{C3739F64-A09B-4563-9653-DB735F8E22B8}"
EndProject
Project("{FAE04EC0-301F-11D3-BF4B-00C04F79EFBC}") = "Contracts", "src\BuildingBlocks\Contracts\Contracts.csproj", "{A25ABF62-B612-4D98-8A99-860F2684E5C9}"
EndProject
Project("{FAE04EC0-301F-11D3-BF4B-00C04F79EFBC}") = "Shared", "src\BuildingBlocks\Shared\Shared.csproj", "{5D42C7EC-27D5-4878-B829-604291E2F5DF}"
EndProject
Project("{FAE04EC0-301F-11D3-BF4B-00C04F79EFBC}") = "Infrastructure", "src\BuildingBlocks\Infrastructure\Infrastructure.csproj", "{9AD80B41-76C8-42FA-9CB4-ED0D06E439DB}"
EndProject
Project("{FAE04EC0-301F-11D3-BF4B-00C04F79EFBC}") = "OcelotApi", "src\ApiGateways\OcelotApi\OcelotApi.csproj", "{62E16923-9765-4BD8-8209-6210BDABFAFF}"
EndProject
Global
	GlobalSection(SolutionConfigurationPlatforms) = preSolution
		Debug|Any CPU = Debug|Any CPU
		Release|Any CPU = Release|Any CPU
	EndGlobalSection
	GlobalSection(ProjectConfigurationPlatforms) = postSolution
		{CF7E67CA-B6E1-4EDD-B8D2-4510525ABF9D}.Debug|Any CPU.ActiveCfg = Debug|Any CPU
		{CF7E67CA-B6E1-4EDD-B8D2-4510525ABF9D}.Debug|Any CPU.Build.0 = Debug|Any CPU
		{CF7E67CA-B6E1-4EDD-B8D2-4510525ABF9D}.Release|Any CPU.ActiveCfg = Release|Any CPU
		{CF7E67CA-B6E1-4EDD-B8D2-4510525ABF9D}.Release|Any CPU.Build.0 = Release|Any CPU
		{86461BBB-064A-43BB-9634-432C284054FD}.Debug|Any CPU.ActiveCfg = Debug|Any CPU
		{86461BBB-064A-43BB-9634-432C284054FD}.Debug|Any CPU.Build.0 = Debug|Any CPU
		{86461BBB-064A-43BB-9634-432C284054FD}.Release|Any CPU.ActiveCfg = Release|Any CPU
		{86461BBB-064A-43BB-9634-432C284054FD}.Release|Any CPU.Build.0 = Release|Any CPU
		{A9623248-E0F3-49A1-BB9D-FDA1B8180454}.Debug|Any CPU.ActiveCfg = Debug|Any CPU
		{A9623248-E0F3-49A1-BB9D-FDA1B8180454}.Debug|Any CPU.Build.0 = Debug|Any CPU
		{A9623248-E0F3-49A1-BB9D-FDA1B8180454}.Release|Any CPU.ActiveCfg = Release|Any CPU
		{A9623248-E0F3-49A1-BB9D-FDA1B8180454}.Release|Any CPU.Build.0 = Release|Any CPU
		{0FD978C4-A7A5-4E66-8EF4-BB9D8F2E0073}.Debug|Any CPU.ActiveCfg = Debug|Any CPU
		{0FD978C4-A7A5-4E66-8EF4-BB9D8F2E0073}.Debug|Any CPU.Build.0 = Debug|Any CPU
		{0FD978C4-A7A5-4E66-8EF4-BB9D8F2E0073}.Release|Any CPU.ActiveCfg = Release|Any CPU
		{0FD978C4-A7A5-4E66-8EF4-BB9D8F2E0073}.Release|Any CPU.Build.0 = Release|Any CPU
		{6D2BE03C-14FF-49AF-A5B4-74773EC79FC6}.Debug|Any CPU.ActiveCfg = Debug|Any CPU
		{6D2BE03C-14FF-49AF-A5B4-74773EC79FC6}.Debug|Any CPU.Build.0 = Debug|Any CPU
		{6D2BE03C-14FF-49AF-A5B4-74773EC79FC6}.Release|Any CPU.ActiveCfg = Release|Any CPU
		{6D2BE03C-14FF-49AF-A5B4-74773EC79FC6}.Release|Any CPU.Build.0 = Release|Any CPU
		{421EDA89-A126-4129-9289-2BBAA28E850B}.Debug|Any CPU.ActiveCfg = Debug|Any CPU
		{421EDA89-A126-4129-9289-2BBAA28E850B}.Debug|Any CPU.Build.0 = Debug|Any CPU
		{421EDA89-A126-4129-9289-2BBAA28E850B}.Release|Any CPU.ActiveCfg = Release|Any CPU
		{421EDA89-A126-4129-9289-2BBAA28E850B}.Release|Any CPU.Build.0 = Release|Any CPU
		{3FD17FFB-D690-44FC-AE31-C80C7742E587}.Debug|Any CPU.ActiveCfg = Debug|Any CPU
		{3FD17FFB-D690-44FC-AE31-C80C7742E587}.Debug|Any CPU.Build.0 = Debug|Any CPU
		{3FD17FFB-D690-44FC-AE31-C80C7742E587}.Release|Any CPU.ActiveCfg = Release|Any CPU
		{3FD17FFB-D690-44FC-AE31-C80C7742E587}.Release|Any CPU.Build.0 = Release|Any CPU
		{540B0FA3-CFE2-4809-BAE5-13FB2DC8BB2E}.Debug|Any CPU.ActiveCfg = Debug|Any CPU
		{540B0FA3-CFE2-4809-BAE5-13FB2DC8BB2E}.Debug|Any CPU.Build.0 = Debug|Any CPU
		{540B0FA3-CFE2-4809-BAE5-13FB2DC8BB2E}.Release|Any CPU.ActiveCfg = Release|Any CPU
		{540B0FA3-CFE2-4809-BAE5-13FB2DC8BB2E}.Release|Any CPU.Build.0 = Release|Any CPU
		{C3739F64-A09B-4563-9653-DB735F8E22B8}.Debug|Any CPU.ActiveCfg = Debug|Any CPU
		{C3739F64-A09B-4563-9653-DB735F8E22B8}.Debug|Any CPU.Build.0 = Debug|Any CPU
		{C3739F64-A09B-4563-9653-DB735F8E22B8}.Release|Any CPU.ActiveCfg = Release|Any CPU
		{C3739F64-A09B-4563-9653-DB735F8E22B8}.Release|Any CPU.Build.0 = Release|Any CPU
		{A25ABF62-B612-4D98-8A99-860F2684E5C9}.Debug|Any CPU.ActiveCfg = Debug|Any CPU
		{A25ABF62-B612-4D98-8A99-860F2684E5C9}.Debug|Any CPU.Build.0 = Debug|Any CPU
		{A25ABF62-B612-4D98-8A99-860F2684E5C9}.Release|Any CPU.ActiveCfg = Release|Any CPU
		{A25ABF62-B612-4D98-8A99-860F2684E5C9}.Release|Any CPU.Build.0 = Release|Any CPU
		{5D42C7EC-27D5-4878-B829-604291E2F5DF}.Debug|Any CPU.ActiveCfg = Debug|Any CPU
		{5D42C7EC-27D5-4878-B829-604291E2F5DF}.Debug|Any CPU.Build.0 = Debug|Any CPU
		{5D42C7EC-27D5-4878-B829-604291E2F5DF}.Release|Any CPU.ActiveCfg = Release|Any CPU
		{5D42C7EC-27D5-4878-B829-604291E2F5DF}.Release|Any CPU.Build.0 = Release|Any CPU
		{9AD80B41-76C8-42FA-9CB4-ED0D06E439DB}.Debug|Any CPU.ActiveCfg = Debug|Any CPU
		{9AD80B41-76C8-42FA-9CB4-ED0D06E439DB}.Debug|Any CPU.Build.0 = Debug|Any CPU
		{9AD80B41-76C8-42FA-9CB4-ED0D06E439DB}.Release|Any CPU.ActiveCfg = Release|Any CPU
		{9AD80B41-76C8-42FA-9CB4-ED0D06E439DB}.Release|Any CPU.Build.0 = Release|Any CPU
		{62E16923-9765-4BD8-8209-6210BDABFAFF}.Debug|Any CPU.ActiveCfg = Debug|Any CPU
		{62E16923-9765-4BD8-8209-6210BDABFAFF}.Debug|Any CPU.Build.0 = Debug|Any CPU
		{62E16923-9765-4BD8-8209-6210BDABFAFF}.Release|Any CPU.ActiveCfg = Release|Any CPU
		{62E16923-9765-4BD8-8209-6210BDABFAFF}.Release|Any CPU.Build.0 = Release|Any CPU
	EndGlobalSection
	GlobalSection(SolutionProperties) = preSolution
		HideSolutionNode = FALSE
	EndGlobalSection
	GlobalSection(NestedProjects) = preSolution
		{D9D65416-5AC3-4C17-9E52-007CB2B8ED46} = {4F7067D6-7297-4E95-89C0-03ED3988A155}
		{9F6E7D82-3A9C-457F-9164-7DC6B18DF58A} = {4F7067D6-7297-4E95-89C0-03ED3988A155}
		{1654896E-89E9-4C7C-92D4-5D16C76F7711} = {4F7067D6-7297-4E95-89C0-03ED3988A155}
		{20065602-C89F-469E-886B-7E22C45E3D86} = {4F7067D6-7297-4E95-89C0-03ED3988A155}
		{CF7E67CA-B6E1-4EDD-B8D2-4510525ABF9D} = {9F6E7D82-3A9C-457F-9164-7DC6B18DF58A}
		{86461BBB-064A-43BB-9634-432C284054FD} = {9F6E7D82-3A9C-457F-9164-7DC6B18DF58A}
		{AA1ED7C4-AF1C-4C10-A7AF-2FB942BC826A} = {1654896E-89E9-4C7C-92D4-5D16C76F7711}
		{64120AF4-C589-4A78-A3B8-B47F1B1D3049} = {1654896E-89E9-4C7C-92D4-5D16C76F7711}
		{87BDED48-0CDA-4462-907E-F9C213854907} = {1654896E-89E9-4C7C-92D4-5D16C76F7711}
		{C85F4DC3-FF5A-4C56-BF01-E45BB8E099B5} = {1654896E-89E9-4C7C-92D4-5D16C76F7711}
		{000FF8D9-A72F-4D1E-8F79-3FBED714D605} = {1654896E-89E9-4C7C-92D4-5D16C76F7711}
		{46B00BF9-CB7A-4AAB-B3B1-488BFD572726} = {1654896E-89E9-4C7C-92D4-5D16C76F7711}
		{A9623248-E0F3-49A1-BB9D-FDA1B8180454} = {20065602-C89F-469E-886B-7E22C45E3D86}
		{0FD978C4-A7A5-4E66-8EF4-BB9D8F2E0073} = {87BDED48-0CDA-4462-907E-F9C213854907}
		{6D2BE03C-14FF-49AF-A5B4-74773EC79FC6} = {64120AF4-C589-4A78-A3B8-B47F1B1D3049}
		{421EDA89-A126-4129-9289-2BBAA28E850B} = {C85F4DC3-FF5A-4C56-BF01-E45BB8E099B5}
		{3FD17FFB-D690-44FC-AE31-C80C7742E587} = {000FF8D9-A72F-4D1E-8F79-3FBED714D605}
		{540B0FA3-CFE2-4809-BAE5-13FB2DC8BB2E} = {AA1ED7C4-AF1C-4C10-A7AF-2FB942BC826A}
		{C3739F64-A09B-4563-9653-DB735F8E22B8} = {46B00BF9-CB7A-4AAB-B3B1-488BFD572726}
		{A25ABF62-B612-4D98-8A99-860F2684E5C9} = {9F6E7D82-3A9C-457F-9164-7DC6B18DF58A}
		{5D42C7EC-27D5-4878-B829-604291E2F5DF} = {9F6E7D82-3A9C-457F-9164-7DC6B18DF58A}
		{9AD80B41-76C8-42FA-9CB4-ED0D06E439DB} = {9F6E7D82-3A9C-457F-9164-7DC6B18DF58A}
		{62E16923-9765-4BD8-8209-6210BDABFAFF} = {D9D65416-5AC3-4C17-9E52-007CB2B8ED46}
	EndGlobalSection
	GlobalSection(ExtensibilityGlobals) = postSolution
		SolutionGuid = {06F5B258-1AF1-43BD-8A53-C005E4177D76}
	EndGlobalSection
EndGlobal
